
Microsoft Visual Studio Solution File, Format Version 12.00
# Visual Studio Version 17
VisualStudioVersion = 17.8.34525.116
MinimumVisualStudioVersion = 10.0.40219.1
Project("{888888A0-9F3D-457C-B088-3A5042F75D52}") = "fitvisionflask", "fitvisionflask\fitvisionflask.pyproj", "{F1B4621E-E84B-4918-A432-9CF8CEE8ABCB}"
EndProject
Global
	GlobalSection(SolutionConfigurationPlatforms) = preSolution
		Debug|Any CPU = Debug|Any CPU
		Release|Any CPU = Release|Any CPU
	EndGlobalSection
	GlobalSection(ProjectConfigurationPlatforms) = postSolution
		{F1B4621E-E84B-4918-A432-9CF8CEE8ABCB}.Debug|Any CPU.ActiveCfg = Debug|Any CPU
		{F1B4621E-E84B-4918-A432-9CF8CEE8ABCB}.Debug|Any CPU.Build.0 = Debug|Any CPU
		{F1B4621E-E84B-4918-A432-9CF8CEE8ABCB}.Release|Any CPU.ActiveCfg = Release|Any CPU
		{F1B4621E-E84B-4918-A432-9CF8CEE8ABCB}.Release|Any CPU.Build.0 = Release|Any CPU
	EndGlobalSection
	GlobalSection(SolutionProperties) = preSolution
		HideSolutionNode = FALSE
	EndGlobalSection
	GlobalSection(ExtensibilityGlobals) = postSolution
		SolutionGuid = {B7A08E2D-670C-4CF2-8FF4-3A99B0FB87AA}
	EndGlobalSection
EndGlobal
